// !$*UTF8*$!
{
	archiveVersion = 1;
	classes = {
	};
	objectVersion = 46;
	objects = {

/* Begin PBXBuildFile section */
		6CE3E8A71CF29405004C31FC /* AppDelegate.swift in Sources */ = {isa = PBXBuildFile; fileRef = 6CE3E8A61CF29405004C31FC /* AppDelegate.swift */; };
		6CE3E8A91CF29405004C31FC /* ViewController.swift in Sources */ = {isa = PBXBuildFile; fileRef = 6CE3E8A81CF29405004C31FC /* ViewController.swift */; };
		6CE3E8AC1CF29405004C31FC /* Main.storyboard in Resources */ = {isa = PBXBuildFile; fileRef = 6CE3E8AA1CF29405004C31FC /* Main.storyboard */; };
		6CE3E8AE1CF29405004C31FC /* Assets.xcassets in Resources */ = {isa = PBXBuildFile; fileRef = 6CE3E8AD1CF29405004C31FC /* Assets.xcassets */; };
		6CE3E8B11CF29405004C31FC /* LaunchScreen.storyboard in Resources */ = {isa = PBXBuildFile; fileRef = 6CE3E8AF1CF29405004C31FC /* LaunchScreen.storyboard */; };
		6CE3E8BC1CF29405004C31FC /* _9_ChainOfResponsibilityTests.swift in Sources */ = {isa = PBXBuildFile; fileRef = 6CE3E8BB1CF29405004C31FC /* _9_ChainOfResponsibilityTests.swift */; };
		6CE3E8C71CF29405004C31FC /* _9_ChainOfResponsibilityUITests.swift in Sources */ = {isa = PBXBuildFile; fileRef = 6CE3E8C61CF29405004C31FC /* _9_ChainOfResponsibilityUITests.swift */; };
		6CE3E8DF1CF29499004C31FC /* Manager.swift in Sources */ = {isa = PBXBuildFile; fileRef = 6CE3E8DE1CF29499004C31FC /* Manager.swift */; };
		6CE3E8E11CF29509004C31FC /* Request.swift in Sources */ = {isa = PBXBuildFile; fileRef = 6CE3E8E01CF29509004C31FC /* Request.swift */; };
		6CE3E8E31CF2953C004C31FC /* CommonManager.swift in Sources */ = {isa = PBXBuildFile; fileRef = 6CE3E8E21CF2953C004C31FC /* CommonManager.swift */; };
		6CE3E8E51CF29551004C31FC /* MajorManager.swift in Sources */ = {isa = PBXBuildFile; fileRef = 6CE3E8E41CF29551004C31FC /* MajorManager.swift */; };
		6CE3E8E71CF29571004C31FC /* GenaralManager.swift in Sources */ = {isa = PBXBuildFile; fileRef = 6CE3E8E61CF29571004C31FC /* GenaralManager.swift */; };
/* End PBXBuildFile section */

/* Begin PBXContainerItemProxy section */
		6CE3E8B81CF29405004C31FC /* PBXContainerItemProxy */ = {
			isa = PBXContainerItemProxy;
			containerPortal = 6CE3E89B1CF29404004C31FC /* Project object */;
			proxyType = 1;
			remoteGlobalIDString = 6CE3E8A21CF29404004C31FC;
			remoteInfo = 19.ChainOfResponsibility;
		};
		6CE3E8C31CF29405004C31FC /* PBXContainerItemProxy */ = {
			isa = PBXContainerItemProxy;
			containerPortal = 6CE3E89B1CF29404004C31FC /* Project object */;
			proxyType = 1;
			remoteGlobalIDString = 6CE3E8A21CF29404004C31FC;
			remoteInfo = 19.ChainOfResponsibility;
		};
/* End PBXContainerItemProxy section */

/* Begin PBXFileReference section */
		6CE3E8A31CF29404004C31FC /* 19.ChainOfResponsibility.app */ = {isa = PBXFileReference; explicitFileType = wrapper.application; includeInIndex = 0; path = 19.ChainOfResponsibility.app; sourceTree = BUILT_PRODUCTS_DIR; };
		6CE3E8A61CF29405004C31FC /* AppDelegate.swift */ = {isa = PBXFileReference; lastKnownFileType = sourcecode.swift; path = AppDelegate.swift; sourceTree = "<group>"; };
		6CE3E8A81CF29405004C31FC /* ViewController.swift */ = {isa = PBXFileReference; lastKnownFileType = sourcecode.swift; path = ViewController.swift; sourceTree = "<group>"; };
		6CE3E8AB1CF29405004C31FC /* Base */ = {isa = PBXFileReference; lastKnownFileType = file.storyboard; name = Base; path = Base.lproj/Main.storyboard; sourceTree = "<group>"; };
		6CE3E8AD1CF29405004C31FC /* Assets.xcassets */ = {isa = PBXFileReference; lastKnownFileType = folder.assetcatalog; path = Assets.xcassets; sourceTree = "<group>"; };
		6CE3E8B01CF29405004C31FC /* Base */ = {isa = PBXFileReference; lastKnownFileType = file.storyboard; name = Base; path = Base.lproj/LaunchScreen.storyboard; sourceTree = "<group>"; };
		6CE3E8B21CF29405004C31FC /* Info.plist */ = {isa = PBXFileReference; lastKnownFileType = text.plist.xml; path = Info.plist; sourceTree = "<group>"; };
		6CE3E8B71CF29405004C31FC /* 19.ChainOfResponsibilityTests.xctest */ = {isa = PBXFileReference; explicitFileType = wrapper.cfbundle; includeInIndex = 0; path = 19.ChainOfResponsibilityTests.xctest; sourceTree = BUILT_PRODUCTS_DIR; };
		6CE3E8BB1CF29405004C31FC /* _9_ChainOfResponsibilityTests.swift */ = {isa = PBXFileReference; lastKnownFileType = sourcecode.swift; path = _9_ChainOfResponsibilityTests.swift; sourceTree = "<group>"; };
		6CE3E8BD1CF29405004C31FC /* Info.plist */ = {isa = PBXFileReference; lastKnownFileType = text.plist.xml; path = Info.plist; sourceTree = "<group>"; };
		6CE3E8C21CF29405004C31FC /* 19.ChainOfResponsibilityUITests.xctest */ = {isa = PBXFileReference; explicitFileType = wrapper.cfbundle; includeInIndex = 0; path = 19.ChainOfResponsibilityUITests.xctest; sourceTree = BUILT_PRODUCTS_DIR; };
		6CE3E8C61CF29405004C31FC /* _9_ChainOfResponsibilityUITests.swift */ = {isa = PBXFileReference; lastKnownFileType = sourcecode.swift; path = _9_ChainOfResponsibilityUITests.swift; sourceTree = "<group>"; };
		6CE3E8C81CF29405004C31FC /* Info.plist */ = {isa = PBXFileReference; lastKnownFileType = text.plist.xml; path = Info.plist; sourceTree = "<group>"; };
		6CE3E8DE1CF29499004C31FC /* Manager.swift */ = {isa = PBXFileReference; fileEncoding = 4; lastKnownFileType = sourcecode.swift; path = Manager.swift; sourceTree = "<group>"; };
		6CE3E8E01CF29509004C31FC /* Request.swift */ = {isa = PBXFileReference; fileEncoding = 4; lastKnownFileType = sourcecode.swift; path = Request.swift; sourceTree = "<group>"; };
		6CE3E8E21CF2953C004C31FC /* CommonManager.swift */ = {isa = PBXFileReference; fileEncoding = 4; lastKnownFileType = sourcecode.swift; path = CommonManager.swift; sourceTree = "<group>"; };
		6CE3E8E41CF29551004C31FC /* MajorManager.swift */ = {isa = PBXFileReference; fileEncoding = 4; lastKnownFileType = sourcecode.swift; path = MajorManager.swift; sourceTree = "<group>"; };
		6CE3E8E61CF29571004C31FC /* GenaralManager.swift */ = {isa = PBXFileReference; fileEncoding = 4; lastKnownFileType = sourcecode.swift; path = GenaralManager.swift; sourceTree = "<group>"; };
/* End PBXFileReference section */

/* Begin PBXFrameworksBuildPhase section */
		6CE3E8A01CF29404004C31FC /* Frameworks */ = {
			isa = PBXFrameworksBuildPhase;
			buildActionMask = 2147483647;
			files = (
			);
			runOnlyForDeploymentPostprocessing = 0;
		};
		6CE3E8B41CF29405004C31FC /* Frameworks */ = {
			isa = PBXFrameworksBuildPhase;
			buildActionMask = 2147483647;
			files = (
			);
			runOnlyForDeploymentPostprocessing = 0;
		};
		6CE3E8BF1CF29405004C31FC /* Frameworks */ = {
			isa = PBXFrameworksBuildPhase;
			buildActionMask = 2147483647;
			files = (
			);
			runOnlyForDeploymentPostprocessing = 0;
		};
/* End PBXFrameworksBuildPhase section */

/* Begin PBXGroup section */
		6CE3E89A1CF29404004C31FC = {
			isa = PBXGroup;
			children = (
				6CE3E8A51CF29405004C31FC /* 19.ChainOfResponsibility */,
				6CE3E8BA1CF29405004C31FC /* 19.ChainOfResponsibilityTests */,
				6CE3E8C51CF29405004C31FC /* 19.ChainOfResponsibilityUITests */,
				6CE3E8A41CF29404004C31FC /* Products */,
			);
			sourceTree = "<group>";
		};
		6CE3E8A41CF29404004C31FC /* Products */ = {
			isa = PBXGroup;
			children = (
				6CE3E8A31CF29404004C31FC /* 19.ChainOfResponsibility.app */,
				6CE3E8B71CF29405004C31FC /* 19.ChainOfResponsibilityTests.xctest */,
				6CE3E8C21CF29405004C31FC /* 19.ChainOfResponsibilityUITests.xctest */,
			);
			name = Products;
			sourceTree = "<group>";
		};
		6CE3E8A51CF29405004C31FC /* 19.ChainOfResponsibility */ = {
			isa = PBXGroup;
			children = (
				6CE3E8DE1CF29499004C31FC /* Manager.swift */,
				6CE3E8E01CF29509004C31FC /* Request.swift */,
				6CE3E8E21CF2953C004C31FC /* CommonManager.swift */,
				6CE3E8E41CF29551004C31FC /* MajorManager.swift */,
				6CE3E8E61CF29571004C31FC /* GenaralManager.swift */,
				6CE3E8A61CF29405004C31FC /* AppDelegate.swift */,
				6CE3E8A81CF29405004C31FC /* ViewController.swift */,
				6CE3E8AA1CF29405004C31FC /* Main.storyboard */,
				6CE3E8AD1CF29405004C31FC /* Assets.xcassets */,
				6CE3E8AF1CF29405004C31FC /* LaunchScreen.storyboard */,
				6CE3E8B21CF29405004C31FC /* Info.plist */,
			);
			path = 19.ChainOfResponsibility;
			sourceTree = "<group>";
		};
		6CE3E8BA1CF29405004C31FC /* 19.ChainOfResponsibilityTests */ = {
			isa = PBXGroup;
			children = (
				6CE3E8BB1CF29405004C31FC /* _9_ChainOfResponsibilityTests.swift */,
				6CE3E8BD1CF29405004C31FC /* Info.plist */,
			);
			path = 19.ChainOfResponsibilityTests;
			sourceTree = "<group>";
		};
		6CE3E8C51CF29405004C31FC /* 19.ChainOfResponsibilityUITests */ = {
			isa = PBXGroup;
			children = (
				6CE3E8C61CF29405004C31FC /* _9_ChainOfResponsibilityUITests.swift */,
				6CE3E8C81CF29405004C31FC /* Info.plist */,
			);
			path = 19.ChainOfResponsibilityUITests;
			sourceTree = "<group>";
		};
/* End PBXGroup section */

/* Begin PBXNativeTarget section */
		6CE3E8A21CF29404004C31FC /* 19.ChainOfResponsibility */ = {
			isa = PBXNativeTarget;
			buildConfigurationList = 6CE3E8CB1CF29405004C31FC /* Build configuration list for PBXNativeTarget "19.ChainOfResponsibility" */;
			buildPhases = (
				6CE3E89F1CF29404004C31FC /* Sources */,
				6CE3E8A01CF29404004C31FC /* Frameworks */,
				6CE3E8A11CF29404004C31FC /* Resources */,
			);
			buildRules = (
			);
			dependencies = (
			);
			name = 19.ChainOfResponsibility;
			productName = 19.ChainOfResponsibility;
			productReference = 6CE3E8A31CF29404004C31FC /* 19.ChainOfResponsibility.app */;
			productType = "com.apple.product-type.application";
		};
		6CE3E8B61CF29405004C31FC /* 19.ChainOfResponsibilityTests */ = {
			isa = PBXNativeTarget;
			buildConfigurationList = 6CE3E8CE1CF29405004C31FC /* Build configuration list for PBXNativeTarget "19.ChainOfResponsibilityTests" */;
			buildPhases = (
				6CE3E8B31CF29405004C31FC /* Sources */,
				6CE3E8B41CF29405004C31FC /* Frameworks */,
				6CE3E8B51CF29405004C31FC /* Resources */,
			);
			buildRules = (
			);
			dependencies = (
				6CE3E8B91CF29405004C31FC /* PBXTargetDependency */,
			);
			name = 19.ChainOfResponsibilityTests;
			productName = 19.ChainOfResponsibilityTests;
			productReference = 6CE3E8B71CF29405004C31FC /* 19.ChainOfResponsibilityTests.xctest */;
			productType = "com.apple.product-type.bundle.unit-test";
		};
		6CE3E8C11CF29405004C31FC /* 19.ChainOfResponsibilityUITests */ = {
			isa = PBXNativeTarget;
			buildConfigurationList = 6CE3E8D11CF29405004C31FC /* Build configuration list for PBXNativeTarget "19.ChainOfResponsibilityUITests" */;
			buildPhases = (
				6CE3E8BE1CF29405004C31FC /* Sources */,
				6CE3E8BF1CF29405004C31FC /* Frameworks */,
				6CE3E8C01CF29405004C31FC /* Resources */,
			);
			buildRules = (
			);
			dependencies = (
				6CE3E8C41CF29405004C31FC /* PBXTargetDependency */,
			);
			name = 19.ChainOfResponsibilityUITests;
			productName = 19.ChainOfResponsibilityUITests;
			productReference = 6CE3E8C21CF29405004C31FC /* 19.ChainOfResponsibilityUITests.xctest */;
			productType = "com.apple.product-type.bundle.ui-testing";
		};
/* End PBXNativeTarget section */

/* Begin PBXProject section */
		6CE3E89B1CF29404004C31FC /* Project object */ = {
			isa = PBXProject;
			attributes = {
				LastSwiftUpdateCheck = 0730;
				LastUpgradeCheck = 0730;
				ORGANIZATIONNAME = yangbin;
				TargetAttributes = {
					6CE3E8A21CF29404004C31FC = {
						CreatedOnToolsVersion = 7.3.1;
					};
					6CE3E8B61CF29405004C31FC = {
						CreatedOnToolsVersion = 7.3.1;
						TestTargetID = 6CE3E8A21CF29404004C31FC;
					};
					6CE3E8C11CF29405004C31FC = {
						CreatedOnToolsVersion = 7.3.1;
						TestTargetID = 6CE3E8A21CF29404004C31FC;
					};
				};
			};
			buildConfigurationList = 6CE3E89E1CF29404004C31FC /* Build configuration list for PBXProject "19.ChainOfResponsibility" */;
			compatibilityVersion = "Xcode 3.2";
			developmentRegion = English;
			hasScannedForEncodings = 0;
			knownRegions = (
				en,
				Base,
			);
			mainGroup = 6CE3E89A1CF29404004C31FC;
			productRefGroup = 6CE3E8A41CF29404004C31FC /* Products */;
			projectDirPath = "";
			projectRoot = "";
			targets = (
				6CE3E8A21CF29404004C31FC /* 19.ChainOfResponsibility */,
				6CE3E8B61CF29405004C31FC /* 19.ChainOfResponsibilityTests */,
				6CE3E8C11CF29405004C31FC /* 19.ChainOfResponsibilityUITests */,
			);
		};
/* End PBXProject section */

/* Begin PBXResourcesBuildPhase section */
		6CE3E8A11CF29404004C31FC /* Resources */ = {
			isa = PBXResourcesBuildPhase;
			buildActionMask = 2147483647;
			files = (
				6CE3E8B11CF29405004C31FC /* LaunchScreen.storyboard in Resources */,
				6CE3E8AE1CF29405004C31FC /* Assets.xcassets in Resources */,
				6CE3E8AC1CF29405004C31FC /* Main.storyboard in Resources */,
			);
			runOnlyForDeploymentPostprocessing = 0;
		};
		6CE3E8B51CF29405004C31FC /* Resources */ = {
			isa = PBXResourcesBuildPhase;
			buildActionMask = 2147483647;
			files = (
			);
			runOnlyForDeploymentPostprocessing = 0;
		};
		6CE3E8C01CF29405004C31FC /* Resources */ = {
			isa = PBXResourcesBuildPhase;
			buildActionMask = 2147483647;
			files = (
			);
			runOnlyForDeploymentPostprocessing = 0;
		};
/* End PBXResourcesBuildPhase section */

/* Begin PBXSourcesBuildPhase section */
		6CE3E89F1CF29404004C31FC /* Sources */ = {
			isa = PBXSourcesBuildPhase;
			buildActionMask = 2147483647;
			files = (
				6CE3E8A91CF29405004C31FC /* ViewController.swift in Sources */,
				6CE3E8E11CF29509004C31FC /* Request.swift in Sources */,
				6CE3E8E71CF29571004C31FC /* GenaralManager.swift in Sources */,
				6CE3E8E31CF2953C004C31FC /* CommonManager.swift in Sources */,
				6CE3E8DF1CF29499004C31FC /* Manager.swift in Sources */,
				6CE3E8A71CF29405004C31FC /* AppDelegate.swift in Sources */,
				6CE3E8E51CF29551004C31FC /* MajorManager.swift in Sources */,
			);
			runOnlyForDeploymentPostprocessing = 0;
		};
		6CE3E8B31CF29405004C31FC /* Sources */ = {
			isa = PBXSourcesBuildPhase;
			buildActionMask = 2147483647;
			files = (
				6CE3E8BC1CF29405004C31FC /* _9_ChainOfResponsibilityTests.swift in Sources */,
			);
			runOnlyForDeploymentPostprocessing = 0;
		};
		6CE3E8BE1CF29405004C31FC /* Sources */ = {
			isa = PBXSourcesBuildPhase;
			buildActionMask = 2147483647;
			files = (
				6CE3E8C71CF29405004C31FC /* _9_ChainOfResponsibilityUITests.swift in Sources */,
			);
			runOnlyForDeploymentPostprocessing = 0;
		};
/* End PBXSourcesBuildPhase section */

/* Begin PBXTargetDependency section */
		6CE3E8B91CF29405004C31FC /* PBXTargetDependency */ = {
			isa = PBXTargetDependency;
			target = 6CE3E8A21CF29404004C31FC /* 19.ChainOfResponsibility */;
			targetProxy = 6CE3E8B81CF29405004C31FC /* PBXContainerItemProxy */;
		};
		6CE3E8C41CF29405004C31FC /* PBXTargetDependency */ = {
			isa = PBXTargetDependency;
			target = 6CE3E8A21CF29404004C31FC /* 19.ChainOfResponsibility */;
			targetProxy = 6CE3E8C31CF29405004C31FC /* PBXContainerItemProxy */;
		};
/* End PBXTargetDependency section */

/* Begin PBXVariantGroup section */
		6CE3E8AA1CF29405004C31FC /* Main.storyboard */ = {
			isa = PBXVariantGroup;
			children = (
				6CE3E8AB1CF29405004C31FC /* Base */,
			);
			name = Main.storyboard;
			sourceTree = "<group>";
		};
		6CE3E8AF1CF29405004C31FC /* LaunchScreen.storyboard */ = {
			isa = PBXVariantGroup;
			children = (
				6CE3E8B01CF29405004C31FC /* Base */,
			);
			name = LaunchScreen.storyboard;
			sourceTree = "<group>";
		};
/* End PBXVariantGroup section */

/* Begin XCBuildConfiguration section */
		6CE3E8C91CF29405004C31FC /* Debug */ = {
			isa = XCBuildConfiguration;
			buildSettings = {
				ALWAYS_SEARCH_USER_PATHS = NO;
				CLANG_ANALYZER_NONNULL = YES;
				CLANG_CXX_LANGUAGE_STANDARD = "gnu++0x";
				CLANG_CXX_LIBRARY = "libc++";
				CLANG_ENABLE_MODULES = YES;
				CLANG_ENABLE_OBJC_ARC = YES;
				CLANG_WARN_BOOL_CONVERSION = YES;
				CLANG_WARN_CONSTANT_CONVERSION = YES;
				CLANG_WARN_DIRECT_OBJC_ISA_USAGE = YES_ERROR;
				CLANG_WARN_EMPTY_BODY = YES;
				CLANG_WARN_ENUM_CONVERSION = YES;
				CLANG_WARN_INT_CONVERSION = YES;
				CLANG_WARN_OBJC_ROOT_CLASS = YES_ERROR;
				CLANG_WARN_UNREACHABLE_CODE = YES;
				CLANG_WARN__DUPLICATE_METHOD_MATCH = YES;
				"CODE_SIGN_IDENTITY[sdk=iphoneos*]" = "iPhone Developer";
				COPY_PHASE_STRIP = NO;
				DEBUG_INFORMATION_FORMAT = dwarf;
				ENABLE_STRICT_OBJC_MSGSEND = YES;
				ENABLE_TESTABILITY = YES;
				GCC_C_LANGUAGE_STANDARD = gnu99;
				GCC_DYNAMIC_NO_PIC = NO;
				GCC_NO_COMMON_BLOCKS = YES;
				GCC_OPTIMIZATION_LEVEL = 0;
				GCC_PREPROCESSOR_DEFINITIONS = (
					"DEBUG=1",
					"$(inherited)",
				);
				GCC_WARN_64_TO_32_BIT_CONVERSION = YES;
				GCC_WARN_ABOUT_RETURN_TYPE = YES_ERROR;
				GCC_WARN_UNDECLARED_SELECTOR = YES;
				GCC_WARN_UNINITIALIZED_AUTOS = YES_AGGRESSIVE;
				GCC_WARN_UNUSED_FUNCTION = YES;
				GCC_WARN_UNUSED_VARIABLE = YES;
				IPHONEOS_DEPLOYMENT_TARGET = 9.3;
				MTL_ENABLE_DEBUG_INFO = YES;
				ONLY_ACTIVE_ARCH = YES;
				SDKROOT = iphoneos;
				SWIFT_OPTIMIZATION_LEVEL = "-Onone";
				TARGETED_DEVICE_FAMILY = "1,2";
			};
			name = Debug;
		};
		6CE3E8CA1CF29405004C31FC /* Release */ = {
			isa = XCBuildConfiguration;
			buildSettings = {
				ALWAYS_SEARCH_USER_PATHS = NO;
				CLANG_ANALYZER_NONNULL = YES;
				CLANG_CXX_LANGUAGE_STANDARD = "gnu++0x";
				CLANG_CXX_LIBRARY = "libc++";
				CLANG_ENABLE_MODULES = YES;
				CLANG_ENABLE_OBJC_ARC = YES;
				CLANG_WARN_BOOL_CONVERSION = YES;
				CLANG_WARN_CONSTANT_CONVERSION = YES;
				CLANG_WARN_DIRECT_OBJC_ISA_USAGE = YES_ERROR;
				CLANG_WARN_EMPTY_BODY = YES;
				CLANG_WARN_ENUM_CONVERSION = YES;
				CLANG_WARN_INT_CONVERSION = YES;
				CLANG_WARN_OBJC_ROOT_CLASS = YES_ERROR;
				CLANG_WARN_UNREACHABLE_CODE = YES;
				CLANG_WARN__DUPLICATE_METHOD_MATCH = YES;
				"CODE_SIGN_IDENTITY[sdk=iphoneos*]" = "iPhone Developer";
				COPY_PHASE_STRIP = NO;
				DEBUG_INFORMATION_FORMAT = "dwarf-with-dsym";
				ENABLE_NS_ASSERTIONS = NO;
				ENABLE_STRICT_OBJC_MSGSEND = YES;
				GCC_C_LANGUAGE_STANDARD = gnu99;
				GCC_NO_COMMON_BLOCKS = YES;
				GCC_WARN_64_TO_32_BIT_CONVERSION = YES;
				GCC_WARN_ABOUT_RETURN_TYPE = YES_ERROR;
				GCC_WARN_UNDECLARED_SELECTOR = YES;
				GCC_WARN_UNINITIALIZED_AUTOS = YES_AGGRESSIVE;
				GCC_WARN_UNUSED_FUNCTION = YES;
				GCC_WARN_UNUSED_VARIABLE = YES;
				IPHONEOS_DEPLOYMENT_TARGET = 9.3;
				MTL_ENABLE_DEBUG_INFO = NO;
				SDKROOT = iphoneos;
				TARGETED_DEVICE_FAMILY = "1,2";
				VALIDATE_PRODUCT = YES;
			};
			name = Release;
		};
		6CE3E8CC1CF29405004C31FC /* Debug */ = {
			isa = XCBuildConfiguration;
			buildSettings = {
				ASSETCATALOG_COMPILER_APPICON_NAME = AppIcon;
				INFOPLIST_FILE = 19.ChainOfResponsibility/Info.plist;
				LD_RUNPATH_SEARCH_PATHS = "$(inherited) @executable_path/Frameworks";
				PRODUCT_BUNDLE_IDENTIFIER = "-345.com.-9-ChainOfResponsibility";
				PRODUCT_NAME = "$(TARGET_NAME)";
			};
			name = Debug;
		};
		6CE3E8CD1CF29405004C31FC /* Release */ = {
			isa = XCBuildConfiguration;
			buildSettings = {
				ASSETCATALOG_COMPILER_APPICON_NAME = AppIcon;
				INFOPLIST_FILE = 19.ChainOfResponsibility/Info.plist;
				LD_RUNPATH_SEARCH_PATHS = "$(inherited) @executable_path/Frameworks";
				PRODUCT_BUNDLE_IDENTIFIER = "-345.com.-9-ChainOfResponsibility";
				PRODUCT_NAME = "$(TARGET_NAME)";
			};
			name = Release;
		};
		6CE3E8CF1CF29405004C31FC /* Debug */ = {
			isa = XCBuildConfiguration;
			buildSettings = {
				BUNDLE_LOADER = "$(TEST_HOST)";
				INFOPLIST_FILE = 19.ChainOfResponsibilityTests/Info.plist;
				LD_RUNPATH_SEARCH_PATHS = "$(inherited) @executable_path/Frameworks @loader_path/Frameworks";
				PRODUCT_BUNDLE_IDENTIFIER = "-345.com.-9-ChainOfResponsibilityTests";
				PRODUCT_NAME = "$(TARGET_NAME)";
				TEST_HOST = "$(BUILT_PRODUCTS_DIR)/19.ChainOfResponsibility.app/19.ChainOfResponsibility";
			};
			name = Debug;
		};
		6CE3E8D01CF29405004C31FC /* Release */ = {
			isa = XCBuildConfiguration;
			buildSettings = {
				BUNDLE_LOADER = "$(TEST_HOST)";
				INFOPLIST_FILE = 19.ChainOfResponsibilityTests/Info.plist;
				LD_RUNPATH_SEARCH_PATHS = "$(inherited) @executable_path/Frameworks @loader_path/Frameworks";
				PRODUCT_BUNDLE_IDENTIFIER = "-345.com.-9-ChainOfResponsibilityTests";
				PRODUCT_NAME = "$(TARGET_NAME)";
				TEST_HOST = "$(BUILT_PRODUCTS_DIR)/19.ChainOfResponsibility.app/19.ChainOfResponsibility";
			};
			name = Release;
		};
		6CE3E8D21CF29405004C31FC /* Debug */ = {
			isa = XCBuildConfiguration;
			buildSettings = {
				INFOPLIST_FILE = 19.ChainOfResponsibilityUITests/Info.plist;
				LD_RUNPATH_SEARCH_PATHS = "$(inherited) @executable_path/Frameworks @loader_path/Frameworks";
				PRODUCT_BUNDLE_IDENTIFIER = "-345.com.-9-ChainOfResponsibilityUITests";
				PRODUCT_NAME = "$(TARGET_NAME)";
				TEST_TARGET_NAME = 19.ChainOfResponsibility;
			};
			name = Debug;
		};
		6CE3E8D31CF29405004C31FC /* Release */ = {
			isa = XCBuildConfiguration;
			buildSettings = {
				INFOPLIST_FILE = 19.ChainOfResponsibilityUITests/Info.plist;
				LD_RUNPATH_SEARCH_PATHS = "$(inherited) @executable_path/Frameworks @loader_path/Frameworks";
				PRODUCT_BUNDLE_IDENTIFIER = "-345.com.-9-ChainOfResponsibilityUITests";
				PRODUCT_NAME = "$(TARGET_NAME)";
				TEST_TARGET_NAME = 19.ChainOfResponsibility;
			};
			name = Release;
		};
/* End XCBuildConfiguration section */

/* Begin XCConfigurationList section */
		6CE3E89E1CF29404004C31FC /* Build configuration list for PBXProject "19.ChainOfResponsibility" */ = {
			isa = XCConfigurationList;
			buildConfigurations = (
				6CE3E8C91CF29405004C31FC /* Debug */,
				6CE3E8CA1CF29405004C31FC /* Release */,
			);
			defaultConfigurationIsVisible = 0;
			defaultConfigurationName = Release;
		};
		6CE3E8CB1CF29405004C31FC /* Build configuration list for PBXNativeTarget "19.ChainOfResponsibility" */ = {
			isa = XCConfigurationList;
			buildConfigurations = (
				6CE3E8CC1CF29405004C31FC /* Debug */,
				6CE3E8CD1CF29405004C31FC /* Release */,
			);
			defaultConfigurationIsVisible = 0;
		};
		6CE3E8CE1CF29405004C31FC /* Build configuration list for PBXNativeTarget "19.ChainOfResponsibilityTests" */ = {
			isa = XCConfigurationList;
			buildConfigurations = (
				6CE3E8CF1CF29405004C31FC /* Debug */,
				6CE3E8D01CF29405004C31FC /* Release */,
			);
			defaultConfigurationIsVisible = 0;
		};
		6CE3E8D11CF29405004C31FC /* Build configuration list for PBXNativeTarget "19.ChainOfResponsibilityUITests" */ = {
			isa = XCConfigurationList;
			buildConfigurations = (
				6CE3E8D21CF29405004C31FC /* Debug */,
				6CE3E8D31CF29405004C31FC /* Release */,
			);
			defaultConfigurationIsVisible = 0;
		};
/* End XCConfigurationList section */
	};
	rootObject = 6CE3E89B1CF29404004C31FC /* Project object */;
}
