// !$*UTF8*$!
{
	archiveVersion = 1;
	classes = {
	};
	objectVersion = 46;
	objects = {

/* Begin PBXBuildFile section */
		1B1CC5351CE128D20043414A /* AppDelegate.swift in Sources */ = {isa = PBXBuildFile; fileRef = 1B1CC5341CE128D20043414A /* AppDelegate.swift */; };
		1B1CC5371CE128D20043414A /* ViewController.swift in Sources */ = {isa = PBXBuildFile; fileRef = 1B1CC5361CE128D20043414A /* ViewController.swift */; };
		1B1CC53A1CE128D20043414A /* Main.storyboard in Resources */ = {isa = PBXBuildFile; fileRef = 1B1CC5381CE128D20043414A /* Main.storyboard */; };
		1B1CC53C1CE128D20043414A /* Assets.xcassets in Resources */ = {isa = PBXBuildFile; fileRef = 1B1CC53B1CE128D20043414A /* Assets.xcassets */; };
		1B1CC53F1CE128D20043414A /* LaunchScreen.storyboard in Resources */ = {isa = PBXBuildFile; fileRef = 1B1CC53D1CE128D20043414A /* LaunchScreen.storyboard */; };
		1B1CC5471CE129E70043414A /* NormalCellPhone.swift in Sources */ = {isa = PBXBuildFile; fileRef = 1B1CC5461CE129E70043414A /* NormalCellPhone.swift */; };
		1B1CC5491CE12A7F0043414A /* NokiaPhone.swift in Sources */ = {isa = PBXBuildFile; fileRef = 1B1CC5481CE12A7F0043414A /* NokiaPhone.swift */; };
		1B1CC54D1CE12B010043414A /* Decorator.swift in Sources */ = {isa = PBXBuildFile; fileRef = 1B1CC54C1CE12B010043414A /* Decorator.swift */; };
		1B1CC5511CE12E680043414A /* DecoratorBluetooth.swift in Sources */ = {isa = PBXBuildFile; fileRef = 1B1CC5501CE12E680043414A /* DecoratorBluetooth.swift */; };
		1B1CC5531CE12FC50043414A /* DecoratorGPS.swift in Sources */ = {isa = PBXBuildFile; fileRef = 1B1CC5521CE12FC50043414A /* DecoratorGPS.swift */; };
		5972A97D1CE166D6009D9FEB /* 装饰模式图片.jpg in Resources */ = {isa = PBXBuildFile; fileRef = 5972A97C1CE166D6009D9FEB /* 装饰模式图片.jpg */; };
/* End PBXBuildFile section */

/* Begin PBXFileReference section */
		1B1CC5311CE128D20043414A /* DecoratorPattern.app */ = {isa = PBXFileReference; explicitFileType = wrapper.application; includeInIndex = 0; path = DecoratorPattern.app; sourceTree = BUILT_PRODUCTS_DIR; };
		1B1CC5341CE128D20043414A /* AppDelegate.swift */ = {isa = PBXFileReference; lastKnownFileType = sourcecode.swift; path = AppDelegate.swift; sourceTree = "<group>"; };
		1B1CC5361CE128D20043414A /* ViewController.swift */ = {isa = PBXFileReference; lastKnownFileType = sourcecode.swift; path = ViewController.swift; sourceTree = "<group>"; };
		1B1CC5391CE128D20043414A /* Base */ = {isa = PBXFileReference; lastKnownFileType = file.storyboard; name = Base; path = Base.lproj/Main.storyboard; sourceTree = "<group>"; };
		1B1CC53B1CE128D20043414A /* Assets.xcassets */ = {isa = PBXFileReference; lastKnownFileType = folder.assetcatalog; path = Assets.xcassets; sourceTree = "<group>"; };
		1B1CC53E1CE128D20043414A /* Base */ = {isa = PBXFileReference; lastKnownFileType = file.storyboard; name = Base; path = Base.lproj/LaunchScreen.storyboard; sourceTree = "<group>"; };
		1B1CC5401CE128D20043414A /* Info.plist */ = {isa = PBXFileReference; lastKnownFileType = text.plist.xml; path = Info.plist; sourceTree = "<group>"; };
		1B1CC5461CE129E70043414A /* NormalCellPhone.swift */ = {isa = PBXFileReference; fileEncoding = 4; lastKnownFileType = sourcecode.swift; path = NormalCellPhone.swift; sourceTree = "<group>"; };
		1B1CC5481CE12A7F0043414A /* NokiaPhone.swift */ = {isa = PBXFileReference; fileEncoding = 4; lastKnownFileType = sourcecode.swift; path = NokiaPhone.swift; sourceTree = "<group>"; };
		1B1CC54C1CE12B010043414A /* Decorator.swift */ = {isa = PBXFileReference; fileEncoding = 4; lastKnownFileType = sourcecode.swift; path = Decorator.swift; sourceTree = "<group>"; };
		1B1CC5501CE12E680043414A /* DecoratorBluetooth.swift */ = {isa = PBXFileReference; fileEncoding = 4; lastKnownFileType = sourcecode.swift; path = DecoratorBluetooth.swift; sourceTree = "<group>"; };
		1B1CC5521CE12FC50043414A /* DecoratorGPS.swift */ = {isa = PBXFileReference; fileEncoding = 4; lastKnownFileType = sourcecode.swift; path = DecoratorGPS.swift; sourceTree = "<group>"; };
		5972A97C1CE166D6009D9FEB /* 装饰模式图片.jpg */ = {isa = PBXFileReference; lastKnownFileType = image.jpeg; path = "装饰模式图片.jpg"; sourceTree = "<group>"; };
/* End PBXFileReference section */

/* Begin PBXFrameworksBuildPhase section */
		1B1CC52E1CE128D20043414A /* Frameworks */ = {
			isa = PBXFrameworksBuildPhase;
			buildActionMask = 2147483647;
			files = (
			);
			runOnlyForDeploymentPostprocessing = 0;
		};
/* End PBXFrameworksBuildPhase section */

/* Begin PBXGroup section */
		1B1CC5281CE128D20043414A = {
			isa = PBXGroup;
			children = (
				1B1CC5331CE128D20043414A /* DecoratorPattern */,
				1B1CC5321CE128D20043414A /* Products */,
			);
			sourceTree = "<group>";
		};
		1B1CC5321CE128D20043414A /* Products */ = {
			isa = PBXGroup;
			children = (
				1B1CC5311CE128D20043414A /* DecoratorPattern.app */,
			);
			name = Products;
			sourceTree = "<group>";
		};
		1B1CC5331CE128D20043414A /* DecoratorPattern */ = {
			isa = PBXGroup;
			children = (
				5972A97C1CE166D6009D9FEB /* 装饰模式图片.jpg */,
				1B1CC5341CE128D20043414A /* AppDelegate.swift */,
				1B1CC5361CE128D20043414A /* ViewController.swift */,
				1B1CC5381CE128D20043414A /* Main.storyboard */,
				1B1CC53B1CE128D20043414A /* Assets.xcassets */,
				1B1CC53D1CE128D20043414A /* LaunchScreen.storyboard */,
				1B1CC5401CE128D20043414A /* Info.plist */,
				1B1CC5461CE129E70043414A /* NormalCellPhone.swift */,
				1B1CC5481CE12A7F0043414A /* NokiaPhone.swift */,
				1B1CC54C1CE12B010043414A /* Decorator.swift */,
				1B1CC5501CE12E680043414A /* DecoratorBluetooth.swift */,
				1B1CC5521CE12FC50043414A /* DecoratorGPS.swift */,
			);
			path = DecoratorPattern;
			sourceTree = "<group>";
		};
/* End PBXGroup section */

/* Begin PBXNativeTarget section */
		1B1CC5301CE128D20043414A /* DecoratorPattern */ = {
			isa = PBXNativeTarget;
			buildConfigurationList = 1B1CC5431CE128D20043414A /* Build configuration list for PBXNativeTarget "DecoratorPattern" */;
			buildPhases = (
				1B1CC52D1CE128D20043414A /* Sources */,
				1B1CC52E1CE128D20043414A /* Frameworks */,
				1B1CC52F1CE128D20043414A /* Resources */,
			);
			buildRules = (
			);
			dependencies = (
			);
			name = DecoratorPattern;
			productName = DecoratorPattern;
			productReference = 1B1CC5311CE128D20043414A /* DecoratorPattern.app */;
			productType = "com.apple.product-type.application";
		};
/* End PBXNativeTarget section */

/* Begin PBXProject section */
		1B1CC5291CE128D20043414A /* Project object */ = {
			isa = PBXProject;
			attributes = {
				LastSwiftUpdateCheck = 0730;
				LastUpgradeCheck = 0730;
				ORGANIZATIONNAME = MerlinWu;
				TargetAttributes = {
					1B1CC5301CE128D20043414A = {
						CreatedOnToolsVersion = 7.3;
					};
				};
			};
			buildConfigurationList = 1B1CC52C1CE128D20043414A /* Build configuration list for PBXProject "DecoratorPattern" */;
			compatibilityVersion = "Xcode 3.2";
			developmentRegion = English;
			hasScannedForEncodings = 0;
			knownRegions = (
				en,
				Base,
			);
			mainGroup = 1B1CC5281CE128D20043414A;
			productRefGroup = 1B1CC5321CE128D20043414A /* Products */;
			projectDirPath = "";
			projectRoot = "";
			targets = (
				1B1CC5301CE128D20043414A /* DecoratorPattern */,
			);
		};
/* End PBXProject section */

/* Begin PBXResourcesBuildPhase section */
		1B1CC52F1CE128D20043414A /* Resources */ = {
			isa = PBXResourcesBuildPhase;
			buildActionMask = 2147483647;
			files = (
				1B1CC53F1CE128D20043414A /* LaunchScreen.storyboard in Resources */,
				1B1CC53C1CE128D20043414A /* Assets.xcassets in Resources */,
				1B1CC53A1CE128D20043414A /* Main.storyboard in Resources */,
				5972A97D1CE166D6009D9FEB /* 装饰模式图片.jpg in Resources */,
			);
			runOnlyForDeploymentPostprocessing = 0;
		};
/* End PBXResourcesBuildPhase section */

/* Begin PBXSourcesBuildPhase section */
		1B1CC52D1CE128D20043414A /* Sources */ = {
			isa = PBXSourcesBuildPhase;
			buildActionMask = 2147483647;
			files = (
				1B1CC5511CE12E680043414A /* DecoratorBluetooth.swift in Sources */,
				1B1CC5371CE128D20043414A /* ViewController.swift in Sources */,
				1B1CC5531CE12FC50043414A /* DecoratorGPS.swift in Sources */,
				1B1CC54D1CE12B010043414A /* Decorator.swift in Sources */,
				1B1CC5471CE129E70043414A /* NormalCellPhone.swift in Sources */,
				1B1CC5351CE128D20043414A /* AppDelegate.swift in Sources */,
				1B1CC5491CE12A7F0043414A /* NokiaPhone.swift in Sources */,
			);
			runOnlyForDeploymentPostprocessing = 0;
		};
/* End PBXSourcesBuildPhase section */

/* Begin PBXVariantGroup section */
		1B1CC5381CE128D20043414A /* Main.storyboard */ = {
			isa = PBXVariantGroup;
			children = (
				1B1CC5391CE128D20043414A /* Base */,
			);
			name = Main.storyboard;
			sourceTree = "<group>";
		};
		1B1CC53D1CE128D20043414A /* LaunchScreen.storyboard */ = {
			isa = PBXVariantGroup;
			children = (
				1B1CC53E1CE128D20043414A /* Base */,
			);
			name = LaunchScreen.storyboard;
			sourceTree = "<group>";
		};
/* End PBXVariantGroup section */

/* Begin XCBuildConfiguration section */
		1B1CC5411CE128D20043414A /* Debug */ = {
			isa = XCBuildConfiguration;
			buildSettings = {
				ALWAYS_SEARCH_USER_PATHS = NO;
				CLANG_ANALYZER_NONNULL = YES;
				CLANG_CXX_LANGUAGE_STANDARD = "gnu++0x";
				CLANG_CXX_LIBRARY = "libc++";
				CLANG_ENABLE_MODULES = YES;
				CLANG_ENABLE_OBJC_ARC = YES;
				CLANG_WARN_BOOL_CONVERSION = YES;
				CLANG_WARN_CONSTANT_CONVERSION = YES;
				CLANG_WARN_DIRECT_OBJC_ISA_USAGE = YES_ERROR;
				CLANG_WARN_EMPTY_BODY = YES;
				CLANG_WARN_ENUM_CONVERSION = YES;
				CLANG_WARN_INT_CONVERSION = YES;
				CLANG_WARN_OBJC_ROOT_CLASS = YES_ERROR;
				CLANG_WARN_UNREACHABLE_CODE = YES;
				CLANG_WARN__DUPLICATE_METHOD_MATCH = YES;
				"CODE_SIGN_IDENTITY[sdk=iphoneos*]" = "iPhone Developer";
				COPY_PHASE_STRIP = NO;
				DEBUG_INFORMATION_FORMAT = dwarf;
				ENABLE_STRICT_OBJC_MSGSEND = YES;
				ENABLE_TESTABILITY = YES;
				GCC_C_LANGUAGE_STANDARD = gnu99;
				GCC_DYNAMIC_NO_PIC = NO;
				GCC_NO_COMMON_BLOCKS = YES;
				GCC_OPTIMIZATION_LEVEL = 0;
				GCC_PREPROCESSOR_DEFINITIONS = (
					"DEBUG=1",
					"$(inherited)",
				);
				GCC_WARN_64_TO_32_BIT_CONVERSION = YES;
				GCC_WARN_ABOUT_RETURN_TYPE = YES_ERROR;
				GCC_WARN_UNDECLARED_SELECTOR = YES;
				GCC_WARN_UNINITIALIZED_AUTOS = YES_AGGRESSIVE;
				GCC_WARN_UNUSED_FUNCTION = YES;
				GCC_WARN_UNUSED_VARIABLE = YES;
				IPHONEOS_DEPLOYMENT_TARGET = 9.3;
				MTL_ENABLE_DEBUG_INFO = YES;
				ONLY_ACTIVE_ARCH = YES;
				SDKROOT = iphoneos;
				SWIFT_OPTIMIZATION_LEVEL = "-Onone";
			};
			name = Debug;
		};
		1B1CC5421CE128D20043414A /* Release */ = {
			isa = XCBuildConfiguration;
			buildSettings = {
				ALWAYS_SEARCH_USER_PATHS = NO;
				CLANG_ANALYZER_NONNULL = YES;
				CLANG_CXX_LANGUAGE_STANDARD = "gnu++0x";
				CLANG_CXX_LIBRARY = "libc++";
				CLANG_ENABLE_MODULES = YES;
				CLANG_ENABLE_OBJC_ARC = YES;
				CLANG_WARN_BOOL_CONVERSION = YES;
				CLANG_WARN_CONSTANT_CONVERSION = YES;
				CLANG_WARN_DIRECT_OBJC_ISA_USAGE = YES_ERROR;
				CLANG_WARN_EMPTY_BODY = YES;
				CLANG_WARN_ENUM_CONVERSION = YES;
				CLANG_WARN_INT_CONVERSION = YES;
				CLANG_WARN_OBJC_ROOT_CLASS = YES_ERROR;
				CLANG_WARN_UNREACHABLE_CODE = YES;
				CLANG_WARN__DUPLICATE_METHOD_MATCH = YES;
				"CODE_SIGN_IDENTITY[sdk=iphoneos*]" = "iPhone Developer";
				COPY_PHASE_STRIP = NO;
				DEBUG_INFORMATION_FORMAT = "dwarf-with-dsym";
				ENABLE_NS_ASSERTIONS = NO;
				ENABLE_STRICT_OBJC_MSGSEND = YES;
				GCC_C_LANGUAGE_STANDARD = gnu99;
				GCC_NO_COMMON_BLOCKS = YES;
				GCC_WARN_64_TO_32_BIT_CONVERSION = YES;
				GCC_WARN_ABOUT_RETURN_TYPE = YES_ERROR;
				GCC_WARN_UNDECLARED_SELECTOR = YES;
				GCC_WARN_UNINITIALIZED_AUTOS = YES_AGGRESSIVE;
				GCC_WARN_UNUSED_FUNCTION = YES;
				GCC_WARN_UNUSED_VARIABLE = YES;
				IPHONEOS_DEPLOYMENT_TARGET = 9.3;
				MTL_ENABLE_DEBUG_INFO = NO;
				SDKROOT = iphoneos;
				VALIDATE_PRODUCT = YES;
			};
			name = Release;
		};
		1B1CC5441CE128D20043414A /* Debug */ = {
			isa = XCBuildConfiguration;
			buildSettings = {
				ASSETCATALOG_COMPILER_APPICON_NAME = AppIcon;
				INFOPLIST_FILE = DecoratorPattern/Info.plist;
				LD_RUNPATH_SEARCH_PATHS = "$(inherited) @executable_path/Frameworks";
				PRODUCT_BUNDLE_IDENTIFIER = com.merlin.DecoratorPattern;
				PRODUCT_NAME = "$(TARGET_NAME)";
			};
			name = Debug;
		};
		1B1CC5451CE128D20043414A /* Release */ = {
			isa = XCBuildConfiguration;
			buildSettings = {
				ASSETCATALOG_COMPILER_APPICON_NAME = AppIcon;
				INFOPLIST_FILE = DecoratorPattern/Info.plist;
				LD_RUNPATH_SEARCH_PATHS = "$(inherited) @executable_path/Frameworks";
				PRODUCT_BUNDLE_IDENTIFIER = com.merlin.DecoratorPattern;
				PRODUCT_NAME = "$(TARGET_NAME)";
			};
			name = Release;
		};
/* End XCBuildConfiguration section */

/* Begin XCConfigurationList section */
		1B1CC52C1CE128D20043414A /* Build configuration list for PBXProject "DecoratorPattern" */ = {
			isa = XCConfigurationList;
			buildConfigurations = (
				1B1CC5411CE128D20043414A /* Debug */,
				1B1CC5421CE128D20043414A /* Release */,
			);
			defaultConfigurationIsVisible = 0;
			defaultConfigurationName = Release;
		};
		1B1CC5431CE128D20043414A /* Build configuration list for PBXNativeTarget "DecoratorPattern" */ = {
			isa = XCConfigurationList;
			buildConfigurations = (
				1B1CC5441CE128D20043414A /* Debug */,
				1B1CC5451CE128D20043414A /* Release */,
			);
			defaultConfigurationIsVisible = 0;
			defaultConfigurationName = Release;
		};
/* End XCConfigurationList section */
	};
	rootObject = 1B1CC5291CE128D20043414A /* Project object */;
}
