// !$*UTF8*$!
{
	archiveVersion = 1;
	classes = {
	};
	objectVersion = 46;
	objects = {

/* Begin PBXBuildFile section */
		33FE72DF1CEAF792003D3233 /* AppDelegate.swift in Sources */ = {isa = PBXBuildFile; fileRef = 33FE72DE1CEAF792003D3233 /* AppDelegate.swift */; };
		33FE72E11CEAF792003D3233 /* ViewController.swift in Sources */ = {isa = PBXBuildFile; fileRef = 33FE72E01CEAF792003D3233 /* ViewController.swift */; };
		33FE72E41CEAF792003D3233 /* Main.storyboard in Resources */ = {isa = PBXBuildFile; fileRef = 33FE72E21CEAF792003D3233 /* Main.storyboard */; };
		33FE72E61CEAF792003D3233 /* Assets.xcassets in Resources */ = {isa = PBXBuildFile; fileRef = 33FE72E51CEAF792003D3233 /* Assets.xcassets */; };
		33FE72E91CEAF792003D3233 /* LaunchScreen.storyboard in Resources */ = {isa = PBXBuildFile; fileRef = 33FE72E71CEAF792003D3233 /* LaunchScreen.storyboard */; };
		33FE72F21CEAF7E6003D3233 /* Company.swift in Sources */ = {isa = PBXBuildFile; fileRef = 33FE72F11CEAF7E6003D3233 /* Company.swift */; };
		33FE72F41CEAF7FB003D3233 /* ConcreteCompany.swift in Sources */ = {isa = PBXBuildFile; fileRef = 33FE72F31CEAF7FB003D3233 /* ConcreteCompany.swift */; };
		33FE72F61CEAFE10003D3233 /* HRDepartment.swift in Sources */ = {isa = PBXBuildFile; fileRef = 33FE72F51CEAFE10003D3233 /* HRDepartment.swift */; };
		33FE72F81CEAFE1D003D3233 /* FinanceDepartment.swift in Sources */ = {isa = PBXBuildFile; fileRef = 33FE72F71CEAFE1D003D3233 /* FinanceDepartment.swift */; };
/* End PBXBuildFile section */

/* Begin PBXFileReference section */
		33FE72DB1CEAF792003D3233 /* CompositePattern.app */ = {isa = PBXFileReference; explicitFileType = wrapper.application; includeInIndex = 0; path = CompositePattern.app; sourceTree = BUILT_PRODUCTS_DIR; };
		33FE72DE1CEAF792003D3233 /* AppDelegate.swift */ = {isa = PBXFileReference; lastKnownFileType = sourcecode.swift; path = AppDelegate.swift; sourceTree = "<group>"; };
		33FE72E01CEAF792003D3233 /* ViewController.swift */ = {isa = PBXFileReference; lastKnownFileType = sourcecode.swift; path = ViewController.swift; sourceTree = "<group>"; };
		33FE72E31CEAF792003D3233 /* Base */ = {isa = PBXFileReference; lastKnownFileType = file.storyboard; name = Base; path = Base.lproj/Main.storyboard; sourceTree = "<group>"; };
		33FE72E51CEAF792003D3233 /* Assets.xcassets */ = {isa = PBXFileReference; lastKnownFileType = folder.assetcatalog; path = Assets.xcassets; sourceTree = "<group>"; };
		33FE72E81CEAF792003D3233 /* Base */ = {isa = PBXFileReference; lastKnownFileType = file.storyboard; name = Base; path = Base.lproj/LaunchScreen.storyboard; sourceTree = "<group>"; };
		33FE72EA1CEAF792003D3233 /* Info.plist */ = {isa = PBXFileReference; lastKnownFileType = text.plist.xml; path = Info.plist; sourceTree = "<group>"; };
		33FE72F11CEAF7E6003D3233 /* Company.swift */ = {isa = PBXFileReference; fileEncoding = 4; lastKnownFileType = sourcecode.swift; path = Company.swift; sourceTree = "<group>"; };
		33FE72F31CEAF7FB003D3233 /* ConcreteCompany.swift */ = {isa = PBXFileReference; fileEncoding = 4; lastKnownFileType = sourcecode.swift; path = ConcreteCompany.swift; sourceTree = "<group>"; };
		33FE72F51CEAFE10003D3233 /* HRDepartment.swift */ = {isa = PBXFileReference; fileEncoding = 4; lastKnownFileType = sourcecode.swift; path = HRDepartment.swift; sourceTree = "<group>"; };
		33FE72F71CEAFE1D003D3233 /* FinanceDepartment.swift */ = {isa = PBXFileReference; fileEncoding = 4; lastKnownFileType = sourcecode.swift; path = FinanceDepartment.swift; sourceTree = "<group>"; };
/* End PBXFileReference section */

/* Begin PBXFrameworksBuildPhase section */
		33FE72D81CEAF792003D3233 /* Frameworks */ = {
			isa = PBXFrameworksBuildPhase;
			buildActionMask = 2147483647;
			files = (
			);
			runOnlyForDeploymentPostprocessing = 0;
		};
/* End PBXFrameworksBuildPhase section */

/* Begin PBXGroup section */
		33FE72D21CEAF792003D3233 = {
			isa = PBXGroup;
			children = (
				33FE72DD1CEAF792003D3233 /* CompositePattern */,
				33FE72DC1CEAF792003D3233 /* Products */,
			);
			sourceTree = "<group>";
		};
		33FE72DC1CEAF792003D3233 /* Products */ = {
			isa = PBXGroup;
			children = (
				33FE72DB1CEAF792003D3233 /* CompositePattern.app */,
			);
			name = Products;
			sourceTree = "<group>";
		};
		33FE72DD1CEAF792003D3233 /* CompositePattern */ = {
			isa = PBXGroup;
			children = (
				33FE72F01CEAF7D3003D3233 /* CompositePattern */,
				33FE72DE1CEAF792003D3233 /* AppDelegate.swift */,
				33FE72E01CEAF792003D3233 /* ViewController.swift */,
				33FE72E21CEAF792003D3233 /* Main.storyboard */,
				33FE72E51CEAF792003D3233 /* Assets.xcassets */,
				33FE72E71CEAF792003D3233 /* LaunchScreen.storyboard */,
				33FE72EA1CEAF792003D3233 /* Info.plist */,
			);
			path = CompositePattern;
			sourceTree = "<group>";
		};
		33FE72F01CEAF7D3003D3233 /* CompositePattern */ = {
			isa = PBXGroup;
			children = (
				33FE72F11CEAF7E6003D3233 /* Company.swift */,
				33FE72F31CEAF7FB003D3233 /* ConcreteCompany.swift */,
				33FE72F51CEAFE10003D3233 /* HRDepartment.swift */,
				33FE72F71CEAFE1D003D3233 /* FinanceDepartment.swift */,
			);
			path = CompositePattern;
			sourceTree = "<group>";
		};
/* End PBXGroup section */

/* Begin PBXNativeTarget section */
		33FE72DA1CEAF792003D3233 /* CompositePattern */ = {
			isa = PBXNativeTarget;
			buildConfigurationList = 33FE72ED1CEAF792003D3233 /* Build configuration list for PBXNativeTarget "CompositePattern" */;
			buildPhases = (
				33FE72D71CEAF792003D3233 /* Sources */,
				33FE72D81CEAF792003D3233 /* Frameworks */,
				33FE72D91CEAF792003D3233 /* Resources */,
			);
			buildRules = (
			);
			dependencies = (
			);
			name = CompositePattern;
			productName = CompositePattern;
			productReference = 33FE72DB1CEAF792003D3233 /* CompositePattern.app */;
			productType = "com.apple.product-type.application";
		};
/* End PBXNativeTarget section */

/* Begin PBXProject section */
		33FE72D31CEAF792003D3233 /* Project object */ = {
			isa = PBXProject;
			attributes = {
				LastSwiftUpdateCheck = 0730;
				LastUpgradeCheck = 0730;
				ORGANIZATIONNAME = 2345;
				TargetAttributes = {
					33FE72DA1CEAF792003D3233 = {
						CreatedOnToolsVersion = 7.3;
					};
				};
			};
			buildConfigurationList = 33FE72D61CEAF792003D3233 /* Build configuration list for PBXProject "CompositePattern" */;
			compatibilityVersion = "Xcode 3.2";
			developmentRegion = English;
			hasScannedForEncodings = 0;
			knownRegions = (
				en,
				Base,
			);
			mainGroup = 33FE72D21CEAF792003D3233;
			productRefGroup = 33FE72DC1CEAF792003D3233 /* Products */;
			projectDirPath = "";
			projectRoot = "";
			targets = (
				33FE72DA1CEAF792003D3233 /* CompositePattern */,
			);
		};
/* End PBXProject section */

/* Begin PBXResourcesBuildPhase section */
		33FE72D91CEAF792003D3233 /* Resources */ = {
			isa = PBXResourcesBuildPhase;
			buildActionMask = 2147483647;
			files = (
				33FE72E91CEAF792003D3233 /* LaunchScreen.storyboard in Resources */,
				33FE72E61CEAF792003D3233 /* Assets.xcassets in Resources */,
				33FE72E41CEAF792003D3233 /* Main.storyboard in Resources */,
			);
			runOnlyForDeploymentPostprocessing = 0;
		};
/* End PBXResourcesBuildPhase section */

/* Begin PBXSourcesBuildPhase section */
		33FE72D71CEAF792003D3233 /* Sources */ = {
			isa = PBXSourcesBuildPhase;
			buildActionMask = 2147483647;
			files = (
				33FE72E11CEAF792003D3233 /* ViewController.swift in Sources */,
				33FE72F61CEAFE10003D3233 /* HRDepartment.swift in Sources */,
				33FE72DF1CEAF792003D3233 /* AppDelegate.swift in Sources */,
				33FE72F41CEAF7FB003D3233 /* ConcreteCompany.swift in Sources */,
				33FE72F81CEAFE1D003D3233 /* FinanceDepartment.swift in Sources */,
				33FE72F21CEAF7E6003D3233 /* Company.swift in Sources */,
			);
			runOnlyForDeploymentPostprocessing = 0;
		};
/* End PBXSourcesBuildPhase section */

/* Begin PBXVariantGroup section */
		33FE72E21CEAF792003D3233 /* Main.storyboard */ = {
			isa = PBXVariantGroup;
			children = (
				33FE72E31CEAF792003D3233 /* Base */,
			);
			name = Main.storyboard;
			sourceTree = "<group>";
		};
		33FE72E71CEAF792003D3233 /* LaunchScreen.storyboard */ = {
			isa = PBXVariantGroup;
			children = (
				33FE72E81CEAF792003D3233 /* Base */,
			);
			name = LaunchScreen.storyboard;
			sourceTree = "<group>";
		};
/* End PBXVariantGroup section */

/* Begin XCBuildConfiguration section */
		33FE72EB1CEAF792003D3233 /* Debug */ = {
			isa = XCBuildConfiguration;
			buildSettings = {
				ALWAYS_SEARCH_USER_PATHS = NO;
				CLANG_ANALYZER_NONNULL = YES;
				CLANG_CXX_LANGUAGE_STANDARD = "gnu++0x";
				CLANG_CXX_LIBRARY = "libc++";
				CLANG_ENABLE_MODULES = YES;
				CLANG_ENABLE_OBJC_ARC = YES;
				CLANG_WARN_BOOL_CONVERSION = YES;
				CLANG_WARN_CONSTANT_CONVERSION = YES;
				CLANG_WARN_DIRECT_OBJC_ISA_USAGE = YES_ERROR;
				CLANG_WARN_EMPTY_BODY = YES;
				CLANG_WARN_ENUM_CONVERSION = YES;
				CLANG_WARN_INT_CONVERSION = YES;
				CLANG_WARN_OBJC_ROOT_CLASS = YES_ERROR;
				CLANG_WARN_UNREACHABLE_CODE = YES;
				CLANG_WARN__DUPLICATE_METHOD_MATCH = YES;
				"CODE_SIGN_IDENTITY[sdk=iphoneos*]" = "iPhone Developer";
				COPY_PHASE_STRIP = NO;
				DEBUG_INFORMATION_FORMAT = dwarf;
				ENABLE_STRICT_OBJC_MSGSEND = YES;
				ENABLE_TESTABILITY = YES;
				GCC_C_LANGUAGE_STANDARD = gnu99;
				GCC_DYNAMIC_NO_PIC = NO;
				GCC_NO_COMMON_BLOCKS = YES;
				GCC_OPTIMIZATION_LEVEL = 0;
				GCC_PREPROCESSOR_DEFINITIONS = (
					"DEBUG=1",
					"$(inherited)",
				);
				GCC_WARN_64_TO_32_BIT_CONVERSION = YES;
				GCC_WARN_ABOUT_RETURN_TYPE = YES_ERROR;
				GCC_WARN_UNDECLARED_SELECTOR = YES;
				GCC_WARN_UNINITIALIZED_AUTOS = YES_AGGRESSIVE;
				GCC_WARN_UNUSED_FUNCTION = YES;
				GCC_WARN_UNUSED_VARIABLE = YES;
				IPHONEOS_DEPLOYMENT_TARGET = 9.3;
				MTL_ENABLE_DEBUG_INFO = YES;
				ONLY_ACTIVE_ARCH = YES;
				SDKROOT = iphoneos;
				SWIFT_OPTIMIZATION_LEVEL = "-Onone";
			};
			name = Debug;
		};
		33FE72EC1CEAF792003D3233 /* Release */ = {
			isa = XCBuildConfiguration;
			buildSettings = {
				ALWAYS_SEARCH_USER_PATHS = NO;
				CLANG_ANALYZER_NONNULL = YES;
				CLANG_CXX_LANGUAGE_STANDARD = "gnu++0x";
				CLANG_CXX_LIBRARY = "libc++";
				CLANG_ENABLE_MODULES = YES;
				CLANG_ENABLE_OBJC_ARC = YES;
				CLANG_WARN_BOOL_CONVERSION = YES;
				CLANG_WARN_CONSTANT_CONVERSION = YES;
				CLANG_WARN_DIRECT_OBJC_ISA_USAGE = YES_ERROR;
				CLANG_WARN_EMPTY_BODY = YES;
				CLANG_WARN_ENUM_CONVERSION = YES;
				CLANG_WARN_INT_CONVERSION = YES;
				CLANG_WARN_OBJC_ROOT_CLASS = YES_ERROR;
				CLANG_WARN_UNREACHABLE_CODE = YES;
				CLANG_WARN__DUPLICATE_METHOD_MATCH = YES;
				"CODE_SIGN_IDENTITY[sdk=iphoneos*]" = "iPhone Developer";
				COPY_PHASE_STRIP = NO;
				DEBUG_INFORMATION_FORMAT = "dwarf-with-dsym";
				ENABLE_NS_ASSERTIONS = NO;
				ENABLE_STRICT_OBJC_MSGSEND = YES;
				GCC_C_LANGUAGE_STANDARD = gnu99;
				GCC_NO_COMMON_BLOCKS = YES;
				GCC_WARN_64_TO_32_BIT_CONVERSION = YES;
				GCC_WARN_ABOUT_RETURN_TYPE = YES_ERROR;
				GCC_WARN_UNDECLARED_SELECTOR = YES;
				GCC_WARN_UNINITIALIZED_AUTOS = YES_AGGRESSIVE;
				GCC_WARN_UNUSED_FUNCTION = YES;
				GCC_WARN_UNUSED_VARIABLE = YES;
				IPHONEOS_DEPLOYMENT_TARGET = 9.3;
				MTL_ENABLE_DEBUG_INFO = NO;
				SDKROOT = iphoneos;
				VALIDATE_PRODUCT = YES;
			};
			name = Release;
		};
		33FE72EE1CEAF792003D3233 /* Debug */ = {
			isa = XCBuildConfiguration;
			buildSettings = {
				ASSETCATALOG_COMPILER_APPICON_NAME = AppIcon;
				INFOPLIST_FILE = CompositePattern/Info.plist;
				LD_RUNPATH_SEARCH_PATHS = "$(inherited) @executable_path/Frameworks";
				PRODUCT_BUNDLE_IDENTIFIER = com.2345.www.CompositePattern;
				PRODUCT_NAME = "$(TARGET_NAME)";
			};
			name = Debug;
		};
		33FE72EF1CEAF792003D3233 /* Release */ = {
			isa = XCBuildConfiguration;
			buildSettings = {
				ASSETCATALOG_COMPILER_APPICON_NAME = AppIcon;
				INFOPLIST_FILE = CompositePattern/Info.plist;
				LD_RUNPATH_SEARCH_PATHS = "$(inherited) @executable_path/Frameworks";
				PRODUCT_BUNDLE_IDENTIFIER = com.2345.www.CompositePattern;
				PRODUCT_NAME = "$(TARGET_NAME)";
			};
			name = Release;
		};
/* End XCBuildConfiguration section */

/* Begin XCConfigurationList section */
		33FE72D61CEAF792003D3233 /* Build configuration list for PBXProject "CompositePattern" */ = {
			isa = XCConfigurationList;
			buildConfigurations = (
				33FE72EB1CEAF792003D3233 /* Debug */,
				33FE72EC1CEAF792003D3233 /* Release */,
			);
			defaultConfigurationIsVisible = 0;
			defaultConfigurationName = Release;
		};
		33FE72ED1CEAF792003D3233 /* Build configuration list for PBXNativeTarget "CompositePattern" */ = {
			isa = XCConfigurationList;
			buildConfigurations = (
				33FE72EE1CEAF792003D3233 /* Debug */,
				33FE72EF1CEAF792003D3233 /* Release */,
			);
			defaultConfigurationIsVisible = 0;
			defaultConfigurationName = Release;
		};
/* End XCConfigurationList section */
	};
	rootObject = 33FE72D31CEAF792003D3233 /* Project object */;
}
